// !$*UTF8*$!
{
	archiveVersion = 1;
	classes = {
	};
	objectVersion = 50;
	objects = {

/* Begin PBXBuildFile section */
		27B01C78253399A4002C89D3 /* VDComponents.framework in Frameworks */ = {isa = PBXBuildFile; fileRef = 27B01C6E253399A4002C89D3 /* VDComponents.framework */; };
		27B01C7D253399A4002C89D3 /* VDComponentsTests.swift in Sources */ = {isa = PBXBuildFile; fileRef = 27B01C7C253399A4002C89D3 /* VDComponentsTests.swift */; };
		27B01C7F253399A4002C89D3 /* VDComponents.h in Headers */ = {isa = PBXBuildFile; fileRef = 27B01C71253399A4002C89D3 /* VDComponents.h */; settings = {ATTRIBUTES = (Public, ); }; };
		27B01D4F25339CD4002C89D3 /* VDComponentsSampleApp.swift in Sources */ = {isa = PBXBuildFile; fileRef = 27B01D4E25339CD4002C89D3 /* VDComponentsSampleApp.swift */; };
		27B01D5125339CD4002C89D3 /* ContentView.swift in Sources */ = {isa = PBXBuildFile; fileRef = 27B01D5025339CD4002C89D3 /* ContentView.swift */; };
		27B01D5325339CD8002C89D3 /* Assets.xcassets in Resources */ = {isa = PBXBuildFile; fileRef = 27B01D5225339CD8002C89D3 /* Assets.xcassets */; };
		27B01D5625339CD8002C89D3 /* Preview Assets.xcassets in Resources */ = {isa = PBXBuildFile; fileRef = 27B01D5525339CD8002C89D3 /* Preview Assets.xcassets */; };
		27B01D5825339CD8002C89D3 /* Persistence.swift in Sources */ = {isa = PBXBuildFile; fileRef = 27B01D5725339CD8002C89D3 /* Persistence.swift */; };
		27B01D5B25339CD8002C89D3 /* VDComponentsSample.xcdatamodeld in Sources */ = {isa = PBXBuildFile; fileRef = 27B01D5925339CD8002C89D3 /* VDComponentsSample.xcdatamodeld */; };
		27B01D6625339CD8002C89D3 /* VDComponentsSampleTests.swift in Sources */ = {isa = PBXBuildFile; fileRef = 27B01D6525339CD8002C89D3 /* VDComponentsSampleTests.swift */; };
		27B01D7125339CD8002C89D3 /* VDComponentsSampleUITests.swift in Sources */ = {isa = PBXBuildFile; fileRef = 27B01D7025339CD8002C89D3 /* VDComponentsSampleUITests.swift */; };
		27B01D8225339DBF002C89D3 /* VDTextField.swift in Sources */ = {isa = PBXBuildFile; fileRef = 27B01D8125339DBF002C89D3 /* VDTextField.swift */; };
		27B01D8925339EBE002C89D3 /* CircularTransition.swift in Sources */ = {isa = PBXBuildFile; fileRef = 27B01D8825339EBE002C89D3 /* CircularTransition.swift */; };
		27B01D9225339F07002C89D3 /* UIColor+AppColors.swift in Sources */ = {isa = PBXBuildFile; fileRef = 27B01D9125339F07002C89D3 /* UIColor+AppColors.swift */; };
/* End PBXBuildFile section */

/* Begin PBXContainerItemProxy section */
		27B01C79253399A4002C89D3 /* PBXContainerItemProxy */ = {
			isa = PBXContainerItemProxy;
			containerPortal = 27B01C65253399A4002C89D3 /* Project object */;
			proxyType = 1;
			remoteGlobalIDString = 27B01C6D253399A4002C89D3;
			remoteInfo = VDComponents;
		};
		27B01D6225339CD8002C89D3 /* PBXContainerItemProxy */ = {
			isa = PBXContainerItemProxy;
			containerPortal = 27B01C65253399A4002C89D3 /* Project object */;
			proxyType = 1;
			remoteGlobalIDString = 27B01D4B25339CD4002C89D3;
			remoteInfo = VDComponentsSample;
		};
		27B01D6D25339CD8002C89D3 /* PBXContainerItemProxy */ = {
			isa = PBXContainerItemProxy;
			containerPortal = 27B01C65253399A4002C89D3 /* Project object */;
			proxyType = 1;
			remoteGlobalIDString = 27B01D4B25339CD4002C89D3;
			remoteInfo = VDComponentsSample;
		};
/* End PBXContainerItemProxy section */

/* Begin PBXFileReference section */
		27B01C6E253399A4002C89D3 /* VDComponents.framework */ = {isa = PBXFileReference; explicitFileType = wrapper.framework; includeInIndex = 0; path = VDComponents.framework; sourceTree = BUILT_PRODUCTS_DIR; };
		27B01C71253399A4002C89D3 /* VDComponents.h */ = {isa = PBXFileReference; lastKnownFileType = sourcecode.c.h; path = VDComponents.h; sourceTree = "<group>"; };
		27B01C72253399A4002C89D3 /* Info.plist */ = {isa = PBXFileReference; lastKnownFileType = text.plist.xml; path = Info.plist; sourceTree = "<group>"; };
		27B01C77253399A4002C89D3 /* VDComponentsTests.xctest */ = {isa = PBXFileReference; explicitFileType = wrapper.cfbundle; includeInIndex = 0; path = VDComponentsTests.xctest; sourceTree = BUILT_PRODUCTS_DIR; };
		27B01C7C253399A4002C89D3 /* VDComponentsTests.swift */ = {isa = PBXFileReference; lastKnownFileType = sourcecode.swift; path = VDComponentsTests.swift; sourceTree = "<group>"; };
		27B01C7E253399A4002C89D3 /* Info.plist */ = {isa = PBXFileReference; lastKnownFileType = text.plist.xml; path = Info.plist; sourceTree = "<group>"; };
		27B01D4C25339CD4002C89D3 /* VDComponentsSample.app */ = {isa = PBXFileReference; explicitFileType = wrapper.application; includeInIndex = 0; path = VDComponentsSample.app; sourceTree = BUILT_PRODUCTS_DIR; };
		27B01D4E25339CD4002C89D3 /* VDComponentsSampleApp.swift */ = {isa = PBXFileReference; lastKnownFileType = sourcecode.swift; path = VDComponentsSampleApp.swift; sourceTree = "<group>"; };
		27B01D5025339CD4002C89D3 /* ContentView.swift */ = {isa = PBXFileReference; lastKnownFileType = sourcecode.swift; path = ContentView.swift; sourceTree = "<group>"; };
		27B01D5225339CD8002C89D3 /* Assets.xcassets */ = {isa = PBXFileReference; lastKnownFileType = folder.assetcatalog; path = Assets.xcassets; sourceTree = "<group>"; };
		27B01D5525339CD8002C89D3 /* Preview Assets.xcassets */ = {isa = PBXFileReference; lastKnownFileType = folder.assetcatalog; path = "Preview Assets.xcassets"; sourceTree = "<group>"; };
		27B01D5725339CD8002C89D3 /* Persistence.swift */ = {isa = PBXFileReference; lastKnownFileType = sourcecode.swift; path = Persistence.swift; sourceTree = "<group>"; };
		27B01D5A25339CD8002C89D3 /* VDComponentsSample.xcdatamodel */ = {isa = PBXFileReference; lastKnownFileType = wrapper.xcdatamodel; path = VDComponentsSample.xcdatamodel; sourceTree = "<group>"; };
		27B01D5C25339CD8002C89D3 /* Info.plist */ = {isa = PBXFileReference; lastKnownFileType = text.plist.xml; path = Info.plist; sourceTree = "<group>"; };
		27B01D6125339CD8002C89D3 /* VDComponentsSampleTests.xctest */ = {isa = PBXFileReference; explicitFileType = wrapper.cfbundle; includeInIndex = 0; path = VDComponentsSampleTests.xctest; sourceTree = BUILT_PRODUCTS_DIR; };
		27B01D6525339CD8002C89D3 /* VDComponentsSampleTests.swift */ = {isa = PBXFileReference; lastKnownFileType = sourcecode.swift; path = VDComponentsSampleTests.swift; sourceTree = "<group>"; };
		27B01D6725339CD8002C89D3 /* Info.plist */ = {isa = PBXFileReference; lastKnownFileType = text.plist.xml; path = Info.plist; sourceTree = "<group>"; };
		27B01D6C25339CD8002C89D3 /* VDComponentsSampleUITests.xctest */ = {isa = PBXFileReference; explicitFileType = wrapper.cfbundle; includeInIndex = 0; path = VDComponentsSampleUITests.xctest; sourceTree = BUILT_PRODUCTS_DIR; };
		27B01D7025339CD8002C89D3 /* VDComponentsSampleUITests.swift */ = {isa = PBXFileReference; lastKnownFileType = sourcecode.swift; path = VDComponentsSampleUITests.swift; sourceTree = "<group>"; };
		27B01D7225339CD8002C89D3 /* Info.plist */ = {isa = PBXFileReference; lastKnownFileType = text.plist.xml; path = Info.plist; sourceTree = "<group>"; };
		27B01D8125339DBF002C89D3 /* VDTextField.swift */ = {isa = PBXFileReference; lastKnownFileType = sourcecode.swift; path = VDTextField.swift; sourceTree = "<group>"; };
		27B01D8825339EBE002C89D3 /* CircularTransition.swift */ = {isa = PBXFileReference; lastKnownFileType = sourcecode.swift; path = CircularTransition.swift; sourceTree = "<group>"; };
		27B01D9125339F07002C89D3 /* UIColor+AppColors.swift */ = {isa = PBXFileReference; lastKnownFileType = sourcecode.swift; path = "UIColor+AppColors.swift"; sourceTree = "<group>"; };
/* End PBXFileReference section */

/* Begin PBXFrameworksBuildPhase section */
		27B01C6B253399A4002C89D3 /* Frameworks */ = {
			isa = PBXFrameworksBuildPhase;
			buildActionMask = 2147483647;
			files = (
			);
			runOnlyForDeploymentPostprocessing = 0;
		};
		27B01C74253399A4002C89D3 /* Frameworks */ = {
			isa = PBXFrameworksBuildPhase;
			buildActionMask = 2147483647;
			files = (
				27B01C78253399A4002C89D3 /* VDComponents.framework in Frameworks */,
			);
			runOnlyForDeploymentPostprocessing = 0;
		};
		27B01D4925339CD4002C89D3 /* Frameworks */ = {
			isa = PBXFrameworksBuildPhase;
			buildActionMask = 2147483647;
			files = (
			);
			runOnlyForDeploymentPostprocessing = 0;
		};
		27B01D5E25339CD8002C89D3 /* Frameworks */ = {
			isa = PBXFrameworksBuildPhase;
			buildActionMask = 2147483647;
			files = (
			);
			runOnlyForDeploymentPostprocessing = 0;
		};
		27B01D6925339CD8002C89D3 /* Frameworks */ = {
			isa = PBXFrameworksBuildPhase;
			buildActionMask = 2147483647;
			files = (
			);
			runOnlyForDeploymentPostprocessing = 0;
		};
/* End PBXFrameworksBuildPhase section */

/* Begin PBXGroup section */
		27B01C64253399A4002C89D3 = {
			isa = PBXGroup;
			children = (
				27B01C70253399A4002C89D3 /* VDComponents */,
				27B01C7B253399A4002C89D3 /* VDComponentsTests */,
				27B01D4D25339CD4002C89D3 /* VDComponentsSample */,
				27B01D6425339CD8002C89D3 /* VDComponentsSampleTests */,
				27B01D6F25339CD8002C89D3 /* VDComponentsSampleUITests */,
				27B01C6F253399A4002C89D3 /* Products */,
			);
			sourceTree = "<group>";
		};
		27B01C6F253399A4002C89D3 /* Products */ = {
			isa = PBXGroup;
			children = (
				27B01C6E253399A4002C89D3 /* VDComponents.framework */,
				27B01C77253399A4002C89D3 /* VDComponentsTests.xctest */,
				27B01D4C25339CD4002C89D3 /* VDComponentsSample.app */,
				27B01D6125339CD8002C89D3 /* VDComponentsSampleTests.xctest */,
				27B01D6C25339CD8002C89D3 /* VDComponentsSampleUITests.xctest */,
			);
			name = Products;
			sourceTree = "<group>";
		};
		27B01C70253399A4002C89D3 /* VDComponents */ = {
			isa = PBXGroup;
			children = (
				27B01D4125339C58002C89D3 /* Source */,
				27B01C71253399A4002C89D3 /* VDComponents.h */,
				27B01C72253399A4002C89D3 /* Info.plist */,
			);
			path = VDComponents;
			sourceTree = "<group>";
		};
		27B01C7B253399A4002C89D3 /* VDComponentsTests */ = {
			isa = PBXGroup;
			children = (
				27B01C7C253399A4002C89D3 /* VDComponentsTests.swift */,
				27B01C7E253399A4002C89D3 /* Info.plist */,
			);
			path = VDComponentsTests;
			sourceTree = "<group>";
		};
		27B01D4125339C58002C89D3 /* Source */ = {
			isa = PBXGroup;
			children = (
				27B01D9025339EF4002C89D3 /* Extensions */,
				27B01D8F25339EE6002C89D3 /* Components */,
			);
			path = Source;
			sourceTree = "<group>";
		};
		27B01D4D25339CD4002C89D3 /* VDComponentsSample */ = {
			isa = PBXGroup;
			children = (
				27B01D4E25339CD4002C89D3 /* VDComponentsSampleApp.swift */,
				27B01D5025339CD4002C89D3 /* ContentView.swift */,
				27B01D5225339CD8002C89D3 /* Assets.xcassets */,
				27B01D5725339CD8002C89D3 /* Persistence.swift */,
				27B01D5C25339CD8002C89D3 /* Info.plist */,
				27B01D5925339CD8002C89D3 /* VDComponentsSample.xcdatamodeld */,
				27B01D5425339CD8002C89D3 /* Preview Content */,
			);
			path = VDComponentsSample;
			sourceTree = "<group>";
		};
		27B01D5425339CD8002C89D3 /* Preview Content */ = {
			isa = PBXGroup;
			children = (
				27B01D5525339CD8002C89D3 /* Preview Assets.xcassets */,
			);
			path = "Preview Content";
			sourceTree = "<group>";
		};
		27B01D6425339CD8002C89D3 /* VDComponentsSampleTests */ = {
			isa = PBXGroup;
			children = (
				27B01D6525339CD8002C89D3 /* VDComponentsSampleTests.swift */,
				27B01D6725339CD8002C89D3 /* Info.plist */,
			);
			path = VDComponentsSampleTests;
			sourceTree = "<group>";
		};
		27B01D6F25339CD8002C89D3 /* VDComponentsSampleUITests */ = {
			isa = PBXGroup;
			children = (
				27B01D7025339CD8002C89D3 /* VDComponentsSampleUITests.swift */,
				27B01D7225339CD8002C89D3 /* Info.plist */,
			);
			path = VDComponentsSampleUITests;
			sourceTree = "<group>";
		};
		27B01D8F25339EE6002C89D3 /* Components */ = {
			isa = PBXGroup;
			children = (
				27B01D8125339DBF002C89D3 /* VDTextField.swift */,
				27B01D8825339EBE002C89D3 /* CircularTransition.swift */,
			);
			path = Components;
			sourceTree = "<group>";
		};
		27B01D9025339EF4002C89D3 /* Extensions */ = {
			isa = PBXGroup;
			children = (
				27B01D9125339F07002C89D3 /* UIColor+AppColors.swift */,
			);
			path = Extensions;
			sourceTree = "<group>";
		};
/* End PBXGroup section */

/* Begin PBXHeadersBuildPhase section */
		27B01C69253399A4002C89D3 /* Headers */ = {
			isa = PBXHeadersBuildPhase;
			buildActionMask = 2147483647;
			files = (
				27B01C7F253399A4002C89D3 /* VDComponents.h in Headers */,
			);
			runOnlyForDeploymentPostprocessing = 0;
		};
/* End PBXHeadersBuildPhase section */

/* Begin PBXNativeTarget section */
		27B01C6D253399A4002C89D3 /* VDComponents */ = {
			isa = PBXNativeTarget;
			buildConfigurationList = 27B01C82253399A4002C89D3 /* Build configuration list for PBXNativeTarget "VDComponents" */;
			buildPhases = (
				27B01C69253399A4002C89D3 /* Headers */,
				27B01C6A253399A4002C89D3 /* Sources */,
				27B01C6B253399A4002C89D3 /* Frameworks */,
				27B01C6C253399A4002C89D3 /* Resources */,
			);
			buildRules = (
			);
			dependencies = (
			);
			name = VDComponents;
			productName = VDComponents;
			productReference = 27B01C6E253399A4002C89D3 /* VDComponents.framework */;
			productType = "com.apple.product-type.framework";
		};
		27B01C76253399A4002C89D3 /* VDComponentsTests */ = {
			isa = PBXNativeTarget;
			buildConfigurationList = 27B01C85253399A4002C89D3 /* Build configuration list for PBXNativeTarget "VDComponentsTests" */;
			buildPhases = (
				27B01C73253399A4002C89D3 /* Sources */,
				27B01C74253399A4002C89D3 /* Frameworks */,
				27B01C75253399A4002C89D3 /* Resources */,
			);
			buildRules = (
			);
			dependencies = (
				27B01C7A253399A4002C89D3 /* PBXTargetDependency */,
			);
			name = VDComponentsTests;
			productName = VDComponentsTests;
			productReference = 27B01C77253399A4002C89D3 /* VDComponentsTests.xctest */;
			productType = "com.apple.product-type.bundle.unit-test";
		};
		27B01D4B25339CD4002C89D3 /* VDComponentsSample */ = {
			isa = PBXNativeTarget;
			buildConfigurationList = 27B01D7325339CD8002C89D3 /* Build configuration list for PBXNativeTarget "VDComponentsSample" */;
			buildPhases = (
				27B01D4825339CD4002C89D3 /* Sources */,
				27B01D4925339CD4002C89D3 /* Frameworks */,
				27B01D4A25339CD4002C89D3 /* Resources */,
			);
			buildRules = (
			);
			dependencies = (
			);
			name = VDComponentsSample;
			productName = VDComponentsSample;
			productReference = 27B01D4C25339CD4002C89D3 /* VDComponentsSample.app */;
			productType = "com.apple.product-type.application";
		};
		27B01D6025339CD8002C89D3 /* VDComponentsSampleTests */ = {
			isa = PBXNativeTarget;
			buildConfigurationList = 27B01D7625339CD8002C89D3 /* Build configuration list for PBXNativeTarget "VDComponentsSampleTests" */;
			buildPhases = (
				27B01D5D25339CD8002C89D3 /* Sources */,
				27B01D5E25339CD8002C89D3 /* Frameworks */,
				27B01D5F25339CD8002C89D3 /* Resources */,
			);
			buildRules = (
			);
			dependencies = (
				27B01D6325339CD8002C89D3 /* PBXTargetDependency */,
			);
			name = VDComponentsSampleTests;
			productName = VDComponentsSampleTests;
			productReference = 27B01D6125339CD8002C89D3 /* VDComponentsSampleTests.xctest */;
			productType = "com.apple.product-type.bundle.unit-test";
		};
		27B01D6B25339CD8002C89D3 /* VDComponentsSampleUITests */ = {
			isa = PBXNativeTarget;
			buildConfigurationList = 27B01D7925339CD8002C89D3 /* Build configuration list for PBXNativeTarget "VDComponentsSampleUITests" */;
			buildPhases = (
				27B01D6825339CD8002C89D3 /* Sources */,
				27B01D6925339CD8002C89D3 /* Frameworks */,
				27B01D6A25339CD8002C89D3 /* Resources */,
			);
			buildRules = (
			);
			dependencies = (
				27B01D6E25339CD8002C89D3 /* PBXTargetDependency */,
			);
			name = VDComponentsSampleUITests;
			productName = VDComponentsSampleUITests;
			productReference = 27B01D6C25339CD8002C89D3 /* VDComponentsSampleUITests.xctest */;
			productType = "com.apple.product-type.bundle.ui-testing";
		};
/* End PBXNativeTarget section */

/* Begin PBXProject section */
		27B01C65253399A4002C89D3 /* Project object */ = {
			isa = PBXProject;
			attributes = {
				LastSwiftUpdateCheck = 1200;
				LastUpgradeCheck = 1200;
				TargetAttributes = {
					27B01C6D253399A4002C89D3 = {
						CreatedOnToolsVersion = 12.0.1;
						LastSwiftMigration = 1200;
					};
					27B01C76253399A4002C89D3 = {
						CreatedOnToolsVersion = 12.0.1;
					};
					27B01D4B25339CD4002C89D3 = {
						CreatedOnToolsVersion = 12.0.1;
					};
					27B01D6025339CD8002C89D3 = {
						CreatedOnToolsVersion = 12.0.1;
						TestTargetID = 27B01D4B25339CD4002C89D3;
					};
					27B01D6B25339CD8002C89D3 = {
						CreatedOnToolsVersion = 12.0.1;
						TestTargetID = 27B01D4B25339CD4002C89D3;
					};
				};
			};
			buildConfigurationList = 27B01C68253399A4002C89D3 /* Build configuration list for PBXProject "VDComponents" */;
			compatibilityVersion = "Xcode 9.3";
			developmentRegion = en;
			hasScannedForEncodings = 0;
			knownRegions = (
				en,
				Base,
			);
			mainGroup = 27B01C64253399A4002C89D3;
			productRefGroup = 27B01C6F253399A4002C89D3 /* Products */;
			projectDirPath = "";
			projectRoot = "";
			targets = (
				27B01C6D253399A4002C89D3 /* VDComponents */,
				27B01C76253399A4002C89D3 /* VDComponentsTests */,
				27B01D4B25339CD4002C89D3 /* VDComponentsSample */,
				27B01D6025339CD8002C89D3 /* VDComponentsSampleTests */,
				27B01D6B25339CD8002C89D3 /* VDComponentsSampleUITests */,
			);
		};
/* End PBXProject section */

/* Begin PBXResourcesBuildPhase section */
		27B01C6C253399A4002C89D3 /* Resources */ = {
			isa = PBXResourcesBuildPhase;
			buildActionMask = 2147483647;
			files = (
			);
			runOnlyForDeploymentPostprocessing = 0;
		};
		27B01C75253399A4002C89D3 /* Resources */ = {
			isa = PBXResourcesBuildPhase;
			buildActionMask = 2147483647;
			files = (
			);
			runOnlyForDeploymentPostprocessing = 0;
		};
		27B01D4A25339CD4002C89D3 /* Resources */ = {
			isa = PBXResourcesBuildPhase;
			buildActionMask = 2147483647;
			files = (
				27B01D5625339CD8002C89D3 /* Preview Assets.xcassets in Resources */,
				27B01D5325339CD8002C89D3 /* Assets.xcassets in Resources */,
			);
			runOnlyForDeploymentPostprocessing = 0;
		};
		27B01D5F25339CD8002C89D3 /* Resources */ = {
			isa = PBXResourcesBuildPhase;
			buildActionMask = 2147483647;
			files = (
			);
			runOnlyForDeploymentPostprocessing = 0;
		};
		27B01D6A25339CD8002C89D3 /* Resources */ = {
			isa = PBXResourcesBuildPhase;
			buildActionMask = 2147483647;
			files = (
			);
			runOnlyForDeploymentPostprocessing = 0;
		};
/* End PBXResourcesBuildPhase section */

/* Begin PBXSourcesBuildPhase section */
		27B01C6A253399A4002C89D3 /* Sources */ = {
			isa = PBXSourcesBuildPhase;
			buildActionMask = 2147483647;
			files = (
				27B01D8225339DBF002C89D3 /* VDTextField.swift in Sources */,
				27B01D8925339EBE002C89D3 /* CircularTransition.swift in Sources */,
				27B01D9225339F07002C89D3 /* UIColor+AppColors.swift in Sources */,
			);
			runOnlyForDeploymentPostprocessing = 0;
		};
		27B01C73253399A4002C89D3 /* Sources */ = {
			isa = PBXSourcesBuildPhase;
			buildActionMask = 2147483647;
			files = (
				27B01C7D253399A4002C89D3 /* VDComponentsTests.swift in Sources */,
			);
			runOnlyForDeploymentPostprocessing = 0;
		};
		27B01D4825339CD4002C89D3 /* Sources */ = {
			isa = PBXSourcesBuildPhase;
			buildActionMask = 2147483647;
			files = (
				27B01D5825339CD8002C89D3 /* Persistence.swift in Sources */,
				27B01D5B25339CD8002C89D3 /* VDComponentsSample.xcdatamodeld in Sources */,
				27B01D5125339CD4002C89D3 /* ContentView.swift in Sources */,
				27B01D4F25339CD4002C89D3 /* VDComponentsSampleApp.swift in Sources */,
			);
			runOnlyForDeploymentPostprocessing = 0;
		};
		27B01D5D25339CD8002C89D3 /* Sources */ = {
			isa = PBXSourcesBuildPhase;
			buildActionMask = 2147483647;
			files = (
				27B01D6625339CD8002C89D3 /* VDComponentsSampleTests.swift in Sources */,
			);
			runOnlyForDeploymentPostprocessing = 0;
		};
		27B01D6825339CD8002C89D3 /* Sources */ = {
			isa = PBXSourcesBuildPhase;
			buildActionMask = 2147483647;
			files = (
				27B01D7125339CD8002C89D3 /* VDComponentsSampleUITests.swift in Sources */,
			);
			runOnlyForDeploymentPostprocessing = 0;
		};
/* End PBXSourcesBuildPhase section */

/* Begin PBXTargetDependency section */
		27B01C7A253399A4002C89D3 /* PBXTargetDependency */ = {
			isa = PBXTargetDependency;
			target = 27B01C6D253399A4002C89D3 /* VDComponents */;
			targetProxy = 27B01C79253399A4002C89D3 /* PBXContainerItemProxy */;
		};
		27B01D6325339CD8002C89D3 /* PBXTargetDependency */ = {
			isa = PBXTargetDependency;
			target = 27B01D4B25339CD4002C89D3 /* VDComponentsSample */;
			targetProxy = 27B01D6225339CD8002C89D3 /* PBXContainerItemProxy */;
		};
		27B01D6E25339CD8002C89D3 /* PBXTargetDependency */ = {
			isa = PBXTargetDependency;
			target = 27B01D4B25339CD4002C89D3 /* VDComponentsSample */;
			targetProxy = 27B01D6D25339CD8002C89D3 /* PBXContainerItemProxy */;
		};
/* End PBXTargetDependency section */

/* Begin XCBuildConfiguration section */
		27B01C80253399A4002C89D3 /* Debug */ = {
			isa = XCBuildConfiguration;
			buildSettings = {
				ALWAYS_SEARCH_USER_PATHS = NO;
				CLANG_ANALYZER_NONNULL = YES;
				CLANG_ANALYZER_NUMBER_OBJECT_CONVERSION = YES_AGGRESSIVE;
				CLANG_CXX_LANGUAGE_STANDARD = "gnu++14";
				CLANG_CXX_LIBRARY = "libc++";
				CLANG_ENABLE_MODULES = YES;
				CLANG_ENABLE_OBJC_ARC = YES;
				CLANG_ENABLE_OBJC_WEAK = YES;
				CLANG_WARN_BLOCK_CAPTURE_AUTORELEASING = YES;
				CLANG_WARN_BOOL_CONVERSION = YES;
				CLANG_WARN_COMMA = YES;
				CLANG_WARN_CONSTANT_CONVERSION = YES;
				CLANG_WARN_DEPRECATED_OBJC_IMPLEMENTATIONS = YES;
				CLANG_WARN_DIRECT_OBJC_ISA_USAGE = YES_ERROR;
				CLANG_WARN_DOCUMENTATION_COMMENTS = YES;
				CLANG_WARN_EMPTY_BODY = YES;
				CLANG_WARN_ENUM_CONVERSION = YES;
				CLANG_WARN_INFINITE_RECURSION = YES;
				CLANG_WARN_INT_CONVERSION = YES;
				CLANG_WARN_NON_LITERAL_NULL_CONVERSION = YES;
				CLANG_WARN_OBJC_IMPLICIT_RETAIN_SELF = YES;
				CLANG_WARN_OBJC_LITERAL_CONVERSION = YES;
				CLANG_WARN_OBJC_ROOT_CLASS = YES_ERROR;
				CLANG_WARN_QUOTED_INCLUDE_IN_FRAMEWORK_HEADER = YES;
				CLANG_WARN_RANGE_LOOP_ANALYSIS = YES;
				CLANG_WARN_STRICT_PROTOTYPES = YES;
				CLANG_WARN_SUSPICIOUS_MOVE = YES;
				CLANG_WARN_UNGUARDED_AVAILABILITY = YES_AGGRESSIVE;
				CLANG_WARN_UNREACHABLE_CODE = YES;
				CLANG_WARN__DUPLICATE_METHOD_MATCH = YES;
				COPY_PHASE_STRIP = NO;
				CURRENT_PROJECT_VERSION = 1;
				DEBUG_INFORMATION_FORMAT = dwarf;
				ENABLE_STRICT_OBJC_MSGSEND = YES;
				ENABLE_TESTABILITY = YES;
				GCC_C_LANGUAGE_STANDARD = gnu11;
				GCC_DYNAMIC_NO_PIC = NO;
				GCC_NO_COMMON_BLOCKS = YES;
				GCC_OPTIMIZATION_LEVEL = 0;
				GCC_PREPROCESSOR_DEFINITIONS = (
					"DEBUG=1",
					"$(inherited)",
				);
				GCC_WARN_64_TO_32_BIT_CONVERSION = YES;
				GCC_WARN_ABOUT_RETURN_TYPE = YES_ERROR;
				GCC_WARN_UNDECLARED_SELECTOR = YES;
				GCC_WARN_UNINITIALIZED_AUTOS = YES_AGGRESSIVE;
				GCC_WARN_UNUSED_FUNCTION = YES;
				GCC_WARN_UNUSED_VARIABLE = YES;
				IPHONEOS_DEPLOYMENT_TARGET = 14.0;
				MTL_ENABLE_DEBUG_INFO = INCLUDE_SOURCE;
				MTL_FAST_MATH = YES;
				ONLY_ACTIVE_ARCH = YES;
				SDKROOT = iphoneos;
				SWIFT_ACTIVE_COMPILATION_CONDITIONS = DEBUG;
				SWIFT_OPTIMIZATION_LEVEL = "-Onone";
				VERSIONING_SYSTEM = "apple-generic";
				VERSION_INFO_PREFIX = "";
			};
			name = Debug;
		};
		27B01C81253399A4002C89D3 /* Release */ = {
			isa = XCBuildConfiguration;
			buildSettings = {
				ALWAYS_SEARCH_USER_PATHS = NO;
				CLANG_ANALYZER_NONNULL = YES;
				CLANG_ANALYZER_NUMBER_OBJECT_CONVERSION = YES_AGGRESSIVE;
				CLANG_CXX_LANGUAGE_STANDARD = "gnu++14";
				CLANG_CXX_LIBRARY = "libc++";
				CLANG_ENABLE_MODULES = YES;
				CLANG_ENABLE_OBJC_ARC = YES;
				CLANG_ENABLE_OBJC_WEAK = YES;
				CLANG_WARN_BLOCK_CAPTURE_AUTORELEASING = YES;
				CLANG_WARN_BOOL_CONVERSION = YES;
				CLANG_WARN_COMMA = YES;
				CLANG_WARN_CONSTANT_CONVERSION = YES;
				CLANG_WARN_DEPRECATED_OBJC_IMPLEMENTATIONS = YES;
				CLANG_WARN_DIRECT_OBJC_ISA_USAGE = YES_ERROR;
				CLANG_WARN_DOCUMENTATION_COMMENTS = YES;
				CLANG_WARN_EMPTY_BODY = YES;
				CLANG_WARN_ENUM_CONVERSION = YES;
				CLANG_WARN_INFINITE_RECURSION = YES;
				CLANG_WARN_INT_CONVERSION = YES;
				CLANG_WARN_NON_LITERAL_NULL_CONVERSION = YES;
				CLANG_WARN_OBJC_IMPLICIT_RETAIN_SELF = YES;
				CLANG_WARN_OBJC_LITERAL_CONVERSION = YES;
				CLANG_WARN_OBJC_ROOT_CLASS = YES_ERROR;
				CLANG_WARN_QUOTED_INCLUDE_IN_FRAMEWORK_HEADER = YES;
				CLANG_WARN_RANGE_LOOP_ANALYSIS = YES;
				CLANG_WARN_STRICT_PROTOTYPES = YES;
				CLANG_WARN_SUSPICIOUS_MOVE = YES;
				CLANG_WARN_UNGUARDED_AVAILABILITY = YES_AGGRESSIVE;
				CLANG_WARN_UNREACHABLE_CODE = YES;
				CLANG_WARN__DUPLICATE_METHOD_MATCH = YES;
				COPY_PHASE_STRIP = NO;
				CURRENT_PROJECT_VERSION = 1;
				DEBUG_INFORMATION_FORMAT = "dwarf-with-dsym";
				ENABLE_NS_ASSERTIONS = NO;
				ENABLE_STRICT_OBJC_MSGSEND = YES;
				GCC_C_LANGUAGE_STANDARD = gnu11;
				GCC_NO_COMMON_BLOCKS = YES;
				GCC_WARN_64_TO_32_BIT_CONVERSION = YES;
				GCC_WARN_ABOUT_RETURN_TYPE = YES_ERROR;
				GCC_WARN_UNDECLARED_SELECTOR = YES;
				GCC_WARN_UNINITIALIZED_AUTOS = YES_AGGRESSIVE;
				GCC_WARN_UNUSED_FUNCTION = YES;
				GCC_WARN_UNUSED_VARIABLE = YES;
				IPHONEOS_DEPLOYMENT_TARGET = 14.0;
				MTL_ENABLE_DEBUG_INFO = NO;
				MTL_FAST_MATH = YES;
				SDKROOT = iphoneos;
				SWIFT_COMPILATION_MODE = wholemodule;
				SWIFT_OPTIMIZATION_LEVEL = "-O";
				VALIDATE_PRODUCT = YES;
				VERSIONING_SYSTEM = "apple-generic";
				VERSION_INFO_PREFIX = "";
			};
			name = Release;
		};
		27B01C83253399A4002C89D3 /* Debug */ = {
			isa = XCBuildConfiguration;
			buildSettings = {
				CLANG_ENABLE_MODULES = YES;
				CODE_SIGN_STYLE = Automatic;
				DEFINES_MODULE = YES;
				DEVELOPMENT_TEAM = H3RQC49HYF;
				DYLIB_COMPATIBILITY_VERSION = 1;
				DYLIB_CURRENT_VERSION = 1;
				DYLIB_INSTALL_NAME_BASE = "@rpath";
				INFOPLIST_FILE = VDComponents/Info.plist;
				INSTALL_PATH = "$(LOCAL_LIBRARY_DIR)/Frameworks";
				LD_RUNPATH_SEARCH_PATHS = (
					"$(inherited)",
					"@executable_path/Frameworks",
					"@loader_path/Frameworks",
				);
				PRODUCT_BUNDLE_IDENTIFIER = akhaten.VDComponents;
				PRODUCT_NAME = "$(TARGET_NAME:c99extidentifier)";
				SKIP_INSTALL = YES;
				SWIFT_OPTIMIZATION_LEVEL = "-Onone";
				SWIFT_VERSION = 5.0;
				TARGETED_DEVICE_FAMILY = "1,2";
			};
			name = Debug;
		};
		27B01C84253399A4002C89D3 /* Release */ = {
			isa = XCBuildConfiguration;
			buildSettings = {
				CLANG_ENABLE_MODULES = YES;
				CODE_SIGN_STYLE = Automatic;
				DEFINES_MODULE = YES;
				DEVELOPMENT_TEAM = H3RQC49HYF;
				DYLIB_COMPATIBILITY_VERSION = 1;
				DYLIB_CURRENT_VERSION = 1;
				DYLIB_INSTALL_NAME_BASE = "@rpath";
				INFOPLIST_FILE = VDComponents/Info.plist;
				INSTALL_PATH = "$(LOCAL_LIBRARY_DIR)/Frameworks";
				LD_RUNPATH_SEARCH_PATHS = (
					"$(inherited)",
					"@executable_path/Frameworks",
					"@loader_path/Frameworks",
				);
				PRODUCT_BUNDLE_IDENTIFIER = akhaten.VDComponents;
				PRODUCT_NAME = "$(TARGET_NAME:c99extidentifier)";
				SKIP_INSTALL = YES;
				SWIFT_VERSION = 5.0;
				TARGETED_DEVICE_FAMILY = "1,2";
			};
			name = Release;
		};
		27B01C86253399A4002C89D3 /* Debug */ = {
			isa = XCBuildConfiguration;
			buildSettings = {
				ALWAYS_EMBED_SWIFT_STANDARD_LIBRARIES = YES;
				CODE_SIGN_STYLE = Automatic;
				DEVELOPMENT_TEAM = H3RQC49HYF;
				INFOPLIST_FILE = VDComponentsTests/Info.plist;
				LD_RUNPATH_SEARCH_PATHS = (
					"$(inherited)",
					"@executable_path/Frameworks",
					"@loader_path/Frameworks",
				);
				PRODUCT_BUNDLE_IDENTIFIER = akhaten.VDComponentsTests;
				PRODUCT_NAME = "$(TARGET_NAME)";
				SWIFT_VERSION = 5.0;
				TARGETED_DEVICE_FAMILY = "1,2";
			};
			name = Debug;
		};
		27B01C87253399A4002C89D3 /* Release */ = {
			isa = XCBuildConfiguration;
			buildSettings = {
				ALWAYS_EMBED_SWIFT_STANDARD_LIBRARIES = YES;
				CODE_SIGN_STYLE = Automatic;
				DEVELOPMENT_TEAM = H3RQC49HYF;
				INFOPLIST_FILE = VDComponentsTests/Info.plist;
				LD_RUNPATH_SEARCH_PATHS = (
					"$(inherited)",
					"@executable_path/Frameworks",
					"@loader_path/Frameworks",
				);
				PRODUCT_BUNDLE_IDENTIFIER = akhaten.VDComponentsTests;
				PRODUCT_NAME = "$(TARGET_NAME)";
				SWIFT_VERSION = 5.0;
				TARGETED_DEVICE_FAMILY = "1,2";
			};
			name = Release;
		};
		27B01D7425339CD8002C89D3 /* Debug */ = {
			isa = XCBuildConfiguration;
			buildSettings = {
				ASSETCATALOG_COMPILER_APPICON_NAME = AppIcon;
				ASSETCATALOG_COMPILER_GLOBAL_ACCENT_COLOR_NAME = AccentColor;
				CODE_SIGN_STYLE = Automatic;
				DEVELOPMENT_ASSET_PATHS = "\"VDComponentsSample/Preview Content\"";
				DEVELOPMENT_TEAM = H3RQC49HYF;
				ENABLE_PREVIEWS = YES;
				INFOPLIST_FILE = VDComponentsSample/Info.plist;
				IPHONEOS_DEPLOYMENT_TARGET = 14.0;
				LD_RUNPATH_SEARCH_PATHS = (
					"$(inherited)",
					"@executable_path/Frameworks",
				);
				PRODUCT_BUNDLE_IDENTIFIER = akhaten.VDComponentsSample;
				PRODUCT_NAME = "$(TARGET_NAME)";
				SWIFT_VERSION = 5.0;
				TARGETED_DEVICE_FAMILY = "1,2";
			};
			name = Debug;
		};
		27B01D7525339CD8002C89D3 /* Release */ = {
			isa = XCBuildConfiguration;
			buildSettings = {
				ASSETCATALOG_COMPILER_APPICON_NAME = AppIcon;
				ASSETCATALOG_COMPILER_GLOBAL_ACCENT_COLOR_NAME = AccentColor;
				CODE_SIGN_STYLE = Automatic;
				DEVELOPMENT_ASSET_PATHS = "\"VDComponentsSample/Preview Content\"";
				DEVELOPMENT_TEAM = H3RQC49HYF;
				ENABLE_PREVIEWS = YES;
				INFOPLIST_FILE = VDComponentsSample/Info.plist;
				IPHONEOS_DEPLOYMENT_TARGET = 14.0;
				LD_RUNPATH_SEARCH_PATHS = (
					"$(inherited)",
					"@executable_path/Frameworks",
				);
				PRODUCT_BUNDLE_IDENTIFIER = akhaten.VDComponentsSample;
				PRODUCT_NAME = "$(TARGET_NAME)";
				SWIFT_VERSION = 5.0;
				TARGETED_DEVICE_FAMILY = "1,2";
			};
			name = Release;
		};
		27B01D7725339CD8002C89D3 /* Debug */ = {
			isa = XCBuildConfiguration;
			buildSettings = {
				ALWAYS_EMBED_SWIFT_STANDARD_LIBRARIES = YES;
				BUNDLE_LOADER = "$(TEST_HOST)";
				CODE_SIGN_STYLE = Automatic;
				DEVELOPMENT_TEAM = H3RQC49HYF;
				INFOPLIST_FILE = VDComponentsSampleTests/Info.plist;
				IPHONEOS_DEPLOYMENT_TARGET = 14.0;
				LD_RUNPATH_SEARCH_PATHS = (
					"$(inherited)",
					"@executable_path/Frameworks",
					"@loader_path/Frameworks",
				);
				PRODUCT_BUNDLE_IDENTIFIER = akhaten.VDComponentsSampleTests;
				PRODUCT_NAME = "$(TARGET_NAME)";
				SWIFT_VERSION = 5.0;
				TARGETED_DEVICE_FAMILY = "1,2";
				TEST_HOST = "$(BUILT_PRODUCTS_DIR)/VDComponentsSample.app/VDComponentsSample";
			};
			name = Debug;
		};
		27B01D7825339CD8002C89D3 /* Release */ = {
			isa = XCBuildConfiguration;
			buildSettings = {
				ALWAYS_EMBED_SWIFT_STANDARD_LIBRARIES = YES;
				BUNDLE_LOADER = "$(TEST_HOST)";
				CODE_SIGN_STYLE = Automatic;
				DEVELOPMENT_TEAM = H3RQC49HYF;
				INFOPLIST_FILE = VDComponentsSampleTests/Info.plist;
				IPHONEOS_DEPLOYMENT_TARGET = 14.0;
				LD_RUNPATH_SEARCH_PATHS = (
					"$(inherited)",
					"@executable_path/Frameworks",
					"@loader_path/Frameworks",
				);
				PRODUCT_BUNDLE_IDENTIFIER = akhaten.VDComponentsSampleTests;
				PRODUCT_NAME = "$(TARGET_NAME)";
				SWIFT_VERSION = 5.0;
				TARGETED_DEVICE_FAMILY = "1,2";
				TEST_HOST = "$(BUILT_PRODUCTS_DIR)/VDComponentsSample.app/VDComponentsSample";
			};
			name = Release;
		};
		27B01D7A25339CD8002C89D3 /* Debug */ = {
			isa = XCBuildConfiguration;
			buildSettings = {
				ALWAYS_EMBED_SWIFT_STANDARD_LIBRARIES = YES;
				CODE_SIGN_STYLE = Automatic;
				DEVELOPMENT_TEAM = H3RQC49HYF;
				INFOPLIST_FILE = VDComponentsSampleUITests/Info.plist;
				LD_RUNPATH_SEARCH_PATHS = (
					"$(inherited)",
					"@executable_path/Frameworks",
					"@loader_path/Frameworks",
				);
				PRODUCT_BUNDLE_IDENTIFIER = akhaten.VDComponentsSampleUITests;
				PRODUCT_NAME = "$(TARGET_NAME)";
				SWIFT_VERSION = 5.0;
				TARGETED_DEVICE_FAMILY = "1,2";
				TEST_TARGET_NAME = VDComponentsSample;
			};
			name = Debug;
		};
		27B01D7B25339CD8002C89D3 /* Release */ = {
			isa = XCBuildConfiguration;
			buildSettings = {
				ALWAYS_EMBED_SWIFT_STANDARD_LIBRARIES = YES;
				CODE_SIGN_STYLE = Automatic;
				DEVELOPMENT_TEAM = H3RQC49HYF;
				INFOPLIST_FILE = VDComponentsSampleUITests/Info.plist;
				LD_RUNPATH_SEARCH_PATHS = (
					"$(inherited)",
					"@executable_path/Frameworks",
					"@loader_path/Frameworks",
				);
				PRODUCT_BUNDLE_IDENTIFIER = akhaten.VDComponentsSampleUITests;
				PRODUCT_NAME = "$(TARGET_NAME)";
				SWIFT_VERSION = 5.0;
				TARGETED_DEVICE_FAMILY = "1,2";
				TEST_TARGET_NAME = VDComponentsSample;
			};
			name = Release;
		};
/* End XCBuildConfiguration section */

/* Begin XCConfigurationList section */
		27B01C68253399A4002C89D3 /* Build configuration list for PBXProject "VDComponents" */ = {
			isa = XCConfigurationList;
			buildConfigurations = (
				27B01C80253399A4002C89D3 /* Debug */,
				27B01C81253399A4002C89D3 /* Release */,
			);
			defaultConfigurationIsVisible = 0;
			defaultConfigurationName = Release;
		};
		27B01C82253399A4002C89D3 /* Build configuration list for PBXNativeTarget "VDComponents" */ = {
			isa = XCConfigurationList;
			buildConfigurations = (
				27B01C83253399A4002C89D3 /* Debug */,
				27B01C84253399A4002C89D3 /* Release */,
			);
			defaultConfigurationIsVisible = 0;
			defaultConfigurationName = Release;
		};
		27B01C85253399A4002C89D3 /* Build configuration list for PBXNativeTarget "VDComponentsTests" */ = {
			isa = XCConfigurationList;
			buildConfigurations = (
				27B01C86253399A4002C89D3 /* Debug */,
				27B01C87253399A4002C89D3 /* Release */,
			);
			defaultConfigurationIsVisible = 0;
			defaultConfigurationName = Release;
		};
		27B01D7325339CD8002C89D3 /* Build configuration list for PBXNativeTarget "VDComponentsSample" */ = {
			isa = XCConfigurationList;
			buildConfigurations = (
				27B01D7425339CD8002C89D3 /* Debug */,
				27B01D7525339CD8002C89D3 /* Release */,
			);
			defaultConfigurationIsVisible = 0;
			defaultConfigurationName = Release;
		};
		27B01D7625339CD8002C89D3 /* Build configuration list for PBXNativeTarget "VDComponentsSampleTests" */ = {
			isa = XCConfigurationList;
			buildConfigurations = (
				27B01D7725339CD8002C89D3 /* Debug */,
				27B01D7825339CD8002C89D3 /* Release */,
			);
			defaultConfigurationIsVisible = 0;
			defaultConfigurationName = Release;
		};
		27B01D7925339CD8002C89D3 /* Build configuration list for PBXNativeTarget "VDComponentsSampleUITests" */ = {
			isa = XCConfigurationList;
			buildConfigurations = (
				27B01D7A25339CD8002C89D3 /* Debug */,
				27B01D7B25339CD8002C89D3 /* Release */,
			);
			defaultConfigurationIsVisible = 0;
			defaultConfigurationName = Release;
		};
/* End XCConfigurationList section */

/* Begin XCVersionGroup section */
		27B01D5925339CD8002C89D3 /* VDComponentsSample.xcdatamodeld */ = {
			isa = XCVersionGroup;
			children = (
				27B01D5A25339CD8002C89D3 /* VDComponentsSample.xcdatamodel */,
			);
			currentVersion = 27B01D5A25339CD8002C89D3 /* VDComponentsSample.xcdatamodel */;
			path = VDComponentsSample.xcdatamodeld;
			sourceTree = "<group>";
			versionGroupType = wrapper.xcdatamodel;
		};
/* End XCVersionGroup section */
	};
	rootObject = 27B01C65253399A4002C89D3 /* Project object */;
}
